{
  "version": 4,
  "terraform_version": "1.5.7",
  "serial": 20,
  "lineage": "c27e6c1c-559c-4028-61bf-f158a31c4ccb",
  "outputs": {
    "email_server_dns_name": {
      "value": "smtp.tauos.org",
      "type": "string"
    },
    "email_server_instance_id": {
      "value": "i-07e7a1fff31e64f2e",
      "type": "string"
    },
    "email_server_public_ip": {
      "value": "44.221.133.77",
      "type": "string"
    }
  },
  "resources": [
    {
      "mode": "data",
      "type": "aws_route53_zone",
      "name": "tauos_zone",
      "provider": "provider[\"registry.terraform.io/hashicorp/aws\"]",
      "instances": [
        {
          "schema_version": 0,
          "attributes": {
            "arn": "arn:aws:route53:::hostedzone/Z034202916UQMT8I53RRA",
            "caller_reference": "7e6ec423-41f5-4d6f-b621-9f95ed1c2642",
            "comment": "",
            "id": "Z034202916UQMT8I53RRA",
            "linked_service_description": null,
            "linked_service_principal": null,
            "name": "tauos.org",
            "name_servers": [
              "ns-778.awsdns-33.net",
              "ns-1102.awsdns-09.org",
              "ns-1892.awsdns-44.co.uk",
              "ns-57.awsdns-07.com"
            ],
            "primary_name_server": "ns-778.awsdns-33.net",
            "private_zone": false,
            "resource_record_set_count": 7,
            "tags": {},
            "vpc_id": null,
            "zone_id": "Z034202916UQMT8I53RRA"
          },
          "sensitive_attributes": []
        }
      ]
    },
    {
      "mode": "managed",
      "type": "aws_eip",
      "name": "tauos_email_eip",
      "provider": "provider[\"registry.terraform.io/hashicorp/aws\"]",
      "instances": [
        {
          "schema_version": 0,
          "attributes": {
            "address": null,
            "allocation_id": "eipalloc-027e6c7f0e13bf5bd",
            "arn": "arn:aws:ec2:us-east-1:407294409495:elastic-ip/eipalloc-027e6c7f0e13bf5bd",
            "associate_with_private_ip": null,
            "association_id": "eipassoc-070fb41682ffc075a",
            "carrier_ip": "",
            "customer_owned_ip": "",
            "customer_owned_ipv4_pool": "",
            "domain": "vpc",
            "id": "eipalloc-027e6c7f0e13bf5bd",
            "instance": "i-07e7a1fff31e64f2e",
            "ipam_pool_id": null,
            "network_border_group": "us-east-1",
            "network_interface": "eni-09ddca56ecfd6e106",
            "private_dns": "ip-10-0-1-108.ec2.internal",
            "private_ip": "10.0.1.108",
            "ptr_record": "",
            "public_dns": "ec2-44-221-133-77.compute-1.amazonaws.com",
            "public_ip": "44.221.133.77",
            "public_ipv4_pool": "amazon",
            "tags": {
              "Name": "tauos-email-eip",
              "Project": "TauOS"
            },
            "tags_all": {
              "Name": "tauos-email-eip",
              "Project": "TauOS"
            },
            "timeouts": null,
            "vpc": true
          },
          "sensitive_attributes": [],
          "private": "eyJlMmJmYjczMC1lY2FhLTExZTYtOGY4OC0zNDM2M2JjN2M0YzAiOnsiZGVsZXRlIjoxODAwMDAwMDAwMDAsInJlYWQiOjkwMDAwMDAwMDAwMCwidXBkYXRlIjozMDAwMDAwMDAwMDB9fQ==",
          "dependencies": [
            "aws_instance.tauos_email_server",
            "aws_key_pair.tauos_email_key",
            "aws_security_group.tauos_email_sg",
            "aws_subnet.tauos_public_subnet",
            "aws_vpc.tauos_email_vpc"
          ]
        }
      ]
    },
    {
      "mode": "managed",
      "type": "aws_instance",
      "name": "tauos_email_server",
      "provider": "provider[\"registry.terraform.io/hashicorp/aws\"]",
      "instances": [
        {
          "schema_version": 1,
          "attributes": {
            "ami": "ami-0c02fb55956c7d316",
            "arn": "arn:aws:ec2:us-east-1:407294409495:instance/i-07e7a1fff31e64f2e",
            "associate_public_ip_address": true,
            "availability_zone": "us-east-1a",
            "capacity_reservation_specification": [
              {
                "capacity_reservation_preference": "open",
                "capacity_reservation_target": []
              }
            ],
            "cpu_core_count": 1,
            "cpu_options": [
              {
                "amd_sev_snp": "",
                "core_count": 1,
                "threads_per_core": 2
              }
            ],
            "cpu_threads_per_core": 2,
            "credit_specification": [
              {
                "cpu_credits": "unlimited"
              }
            ],
            "disable_api_stop": false,
            "disable_api_termination": false,
            "ebs_block_device": [],
            "ebs_optimized": false,
            "enable_primary_ipv6": null,
            "enclave_options": [
              {
                "enabled": false
              }
            ],
            "ephemeral_block_device": [],
            "get_password_data": false,
            "hibernation": false,
            "host_id": "",
            "host_resource_group_arn": null,
            "iam_instance_profile": "",
            "id": "i-07e7a1fff31e64f2e",
            "instance_initiated_shutdown_behavior": "stop",
            "instance_lifecycle": "",
            "instance_market_options": [],
            "instance_state": "running",
            "instance_type": "t3.medium",
            "ipv6_address_count": 0,
            "ipv6_addresses": [],
            "key_name": "tauos-email-key",
            "launch_template": [],
            "maintenance_options": [
              {
                "auto_recovery": "default"
              }
            ],
            "metadata_options": [
              {
                "http_endpoint": "enabled",
                "http_protocol_ipv6": "disabled",
                "http_put_response_hop_limit": 1,
                "http_tokens": "optional",
                "instance_metadata_tags": "disabled"
              }
            ],
            "monitoring": false,
            "network_interface": [],
            "outpost_arn": "",
            "password_data": "",
            "placement_group": "",
            "placement_partition_number": 0,
            "primary_network_interface_id": "eni-09ddca56ecfd6e106",
            "private_dns": "ip-10-0-1-108.ec2.internal",
            "private_dns_name_options": [
              {
                "enable_resource_name_dns_a_record": false,
                "enable_resource_name_dns_aaaa_record": false,
                "hostname_type": "ip-name"
              }
            ],
            "private_ip": "10.0.1.108",
            "public_dns": "ec2-44-221-133-77.compute-1.amazonaws.com",
            "public_ip": "44.221.133.77",
            "root_block_device": [
              {
                "delete_on_termination": true,
                "device_name": "/dev/xvda",
                "encrypted": false,
                "iops": 3000,
                "kms_key_id": "",
                "tags": {},
                "tags_all": {},
                "throughput": 125,
                "volume_id": "vol-0c33facc6760bfc2e",
                "volume_size": 50,
                "volume_type": "gp3"
              }
            ],
            "secondary_private_ips": [],
            "security_groups": [],
            "source_dest_check": true,
            "spot_instance_request_id": "",
            "subnet_id": "subnet-071b970fc54d7191b",
            "tags": {
              "Name": "tauos-email-server",
              "Project": "TauOS"
            },
            "tags_all": {
              "Name": "tauos-email-server",
              "Project": "TauOS"
            },
            "tenancy": "default",
            "timeouts": null,
            "user_data": "d334fc643d76dae43a2cfbc669814d10b159a820",
            "user_data_base64": null,
            "user_data_replace_on_change": false,
            "volume_tags": null,
            "vpc_security_group_ids": [
              "sg-0eb8ecb65939d59d2"
            ]
          },
          "sensitive_attributes": [],
          "private": "eyJlMmJmYjczMC1lY2FhLTExZTYtOGY4OC0zNDM2M2JjN2M0YzAiOnsiY3JlYXRlIjo2MDAwMDAwMDAwMDAsImRlbGV0ZSI6MTIwMDAwMDAwMDAwMCwicmVhZCI6OTAwMDAwMDAwMDAwLCJ1cGRhdGUiOjYwMDAwMDAwMDAwMH0sInNjaGVtYV92ZXJzaW9uIjoiMSJ9",
          "dependencies": [
            "aws_key_pair.tauos_email_key",
            "aws_security_group.tauos_email_sg",
            "aws_subnet.tauos_public_subnet"
          ]
        }
      ]
    },
    {
      "mode": "managed",
      "type": "aws_internet_gateway",
      "name": "tauos_igw",
      "provider": "provider[\"registry.terraform.io/hashicorp/aws\"]",
      "instances": [
        {
          "schema_version": 0,
          "attributes": {
            "arn": "arn:aws:ec2:us-east-1:407294409495:internet-gateway/igw-0abc371e87039449b",
            "id": "igw-0abc371e87039449b",
            "owner_id": "407294409495",
            "tags": {
              "Name": "tauos-email-igw",
              "Project": "TauOS"
            },
            "tags_all": {
              "Name": "tauos-email-igw",
              "Project": "TauOS"
            },
            "timeouts": null,
            "vpc_id": "vpc-0fc7e58826df61fe2"
          },
          "sensitive_attributes": [],
          "private": "eyJlMmJmYjczMC1lY2FhLTExZTYtOGY4OC0zNDM2M2JjN2M0YzAiOnsiY3JlYXRlIjoxMjAwMDAwMDAwMDAwLCJkZWxldGUiOjEyMDAwMDAwMDAwMDAsInVwZGF0ZSI6MTIwMDAwMDAwMDAwMH19",
          "dependencies": [
            "aws_vpc.tauos_email_vpc"
          ]
        }
      ]
    },
    {
      "mode": "managed",
      "type": "aws_key_pair",
      "name": "tauos_email_key",
      "provider": "provider[\"registry.terraform.io/hashicorp/aws\"]",
      "instances": [
        {
          "schema_version": 1,
          "attributes": {
            "arn": "arn:aws:ec2:us-east-1:407294409495:key-pair/tauos-email-key",
            "fingerprint": "30:0d:2d:46:27:d3:f6:63:0b:5b:6e:5a:db:a0:b1:e1",
            "id": "tauos-email-key",
            "key_name": "tauos-email-key",
            "key_name_prefix": "",
            "key_pair_id": "key-0d1e41c8db2a07ee4",
            "key_type": "rsa",
            "public_key": "ssh-rsa AAAAB3NzaC1yc2EAAAADAQABAAACAQC9eRlovX2uPLvpEVR4554/Bw0rz/Zl8rpm0wcIYaRgfCpkxjTrO1hBw8GzN9gRSDuUZJHWUOiUkV4FVtKOnXg8d7T5mzQeCLscj5GKp+GT7gtlPy/vJ6+3tX/hsF9S8FfcxdfmSInXRNEXgGKERBQqAgNUP14STufjRYGcGRFIhla/zNgnpcz7dezxTMkZi4Y42FFs3biK7QlyZRXTrflmFevSoJ+dH4yJ4pZMBFAM69/3PzPxwYrVURW260z3qiIJDxk5MOIhXwlLbtgA0+xq+95vAJjTmsL/PKazxq5svOYK1ZTPv6NyPBlLl7TmK8HCoKzEkCsQ00Uf+xhjULyiJjsJAqqGEEulFu1Vj9mDiFLbsLHc7E4AhjH0+lkOgL9+k7oFFePyNiRnN+KEk1GpesVf95o36iRMFHGrauhn673EZo9hBNE1kw2OYhNck8OqrgGVkGbwc1N4PzGMcuNWvsswrVXG8sVobhFaiwO8jKb28U/yoJkRQJxuYt8fnMGdQ518WdmN8Ye1CMyICdpmYGYnY0w7QoMgoEoJogfp7AQQvHLl/49WA+t0irmBXdVwLYuNtJ5E97oFPqGn+s6WD6El0P4hzW62xhW/w3PnuGLtF4qb3wjIYXxGkTl5G9cGjjJtmE0gurHLxQRUczWPHBnLcfFSuSb7l05Zlk4kWw== macbook@MacBooks-MacBook-Pro.local",
            "tags": {},
            "tags_all": {}
          },
          "sensitive_attributes": [],
          "private": "eyJzY2hlbWFfdmVyc2lvbiI6IjEifQ=="
        }
      ]
    },
    {
      "mode": "managed",
      "type": "aws_route53_record",
      "name": "tauos_dmarc",
      "provider": "provider[\"registry.terraform.io/hashicorp/aws\"]",
      "instances": [
        {
          "schema_version": 2,
          "attributes": {
            "alias": [],
            "allow_overwrite": null,
            "cidr_routing_policy": [],
            "failover_routing_policy": [],
            "fqdn": "_dmarc.tauos.org",
            "geolocation_routing_policy": [],
            "geoproximity_routing_policy": [],
            "health_check_id": "",
            "id": "Z034202916UQMT8I53RRA__dmarc.tauos.org_TXT",
            "latency_routing_policy": [],
            "multivalue_answer_routing_policy": false,
            "name": "_dmarc.tauos.org",
            "records": [
              "v=DMARC1; p=quarantine; rua=mailto:dmarc@tauos.org; ruf=mailto:dmarc@tauos.org; sp=quarantine; adkim=r; aspf=r;"
            ],
            "set_identifier": "",
            "timeouts": null,
            "ttl": 300,
            "type": "TXT",
            "weighted_routing_policy": [],
            "zone_id": "Z034202916UQMT8I53RRA"
          },
          "sensitive_attributes": [],
          "private": "eyJlMmJmYjczMC1lY2FhLTExZTYtOGY4OC0zNDM2M2JjN2M0YzAiOnsiY3JlYXRlIjoxODAwMDAwMDAwMDAwLCJkZWxldGUiOjE4MDAwMDAwMDAwMDAsInVwZGF0ZSI6MTgwMDAwMDAwMDAwMH0sInNjaGVtYV92ZXJzaW9uIjoiMiJ9",
          "dependencies": [
            "data.aws_route53_zone.tauos_zone"
          ]
        }
      ]
    },
    {
      "mode": "managed",
      "type": "aws_route53_record",
      "name": "tauos_imap_a",
      "provider": "provider[\"registry.terraform.io/hashicorp/aws\"]",
      "instances": [
        {
          "schema_version": 2,
          "attributes": {
            "alias": [],
            "allow_overwrite": null,
            "cidr_routing_policy": [],
            "failover_routing_policy": [],
            "fqdn": "imap.tauos.org",
            "geolocation_routing_policy": [],
            "geoproximity_routing_policy": [],
            "health_check_id": "",
            "id": "Z034202916UQMT8I53RRA_imap.tauos.org_A",
            "latency_routing_policy": [],
            "multivalue_answer_routing_policy": false,
            "name": "imap.tauos.org",
            "records": [
              "44.221.133.77"
            ],
            "set_identifier": "",
            "timeouts": null,
            "ttl": 300,
            "type": "A",
            "weighted_routing_policy": [],
            "zone_id": "Z034202916UQMT8I53RRA"
          },
          "sensitive_attributes": [],
          "private": "eyJlMmJmYjczMC1lY2FhLTExZTYtOGY4OC0zNDM2M2JjN2M0YzAiOnsiY3JlYXRlIjoxODAwMDAwMDAwMDAwLCJkZWxldGUiOjE4MDAwMDAwMDAwMDAsInVwZGF0ZSI6MTgwMDAwMDAwMDAwMH0sInNjaGVtYV92ZXJzaW9uIjoiMiJ9",
          "dependencies": [
            "aws_eip.tauos_email_eip",
            "data.aws_route53_zone.tauos_zone"
          ]
        }
      ]
    },
    {
      "mode": "managed",
      "type": "aws_route53_record",
      "name": "tauos_mx",
      "provider": "provider[\"registry.terraform.io/hashicorp/aws\"]",
      "instances": [
        {
          "schema_version": 2,
          "attributes": {
            "alias": [],
            "allow_overwrite": null,
            "cidr_routing_policy": [],
            "failover_routing_policy": [],
            "fqdn": "tauos.org",
            "geolocation_routing_policy": [],
            "geoproximity_routing_policy": [],
            "health_check_id": "",
            "id": "Z034202916UQMT8I53RRA_tauos.org_MX",
            "latency_routing_policy": [],
            "multivalue_answer_routing_policy": false,
            "name": "tauos.org",
            "records": [
              "10 smtp.tauos.org"
            ],
            "set_identifier": "",
            "timeouts": null,
            "ttl": 300,
            "type": "MX",
            "weighted_routing_policy": [],
            "zone_id": "Z034202916UQMT8I53RRA"
          },
          "sensitive_attributes": [],
          "private": "eyJlMmJmYjczMC1lY2FhLTExZTYtOGY4OC0zNDM2M2JjN2M0YzAiOnsiY3JlYXRlIjoxODAwMDAwMDAwMDAwLCJkZWxldGUiOjE4MDAwMDAwMDAwMDAsInVwZGF0ZSI6MTgwMDAwMDAwMDAwMH0sInNjaGVtYV92ZXJzaW9uIjoiMiJ9",
          "dependencies": [
            "data.aws_route53_zone.tauos_zone"
          ]
        }
      ]
    },
    {
      "mode": "managed",
      "type": "aws_route53_record",
      "name": "tauos_smtp_a",
      "provider": "provider[\"registry.terraform.io/hashicorp/aws\"]",
      "instances": [
        {
          "schema_version": 2,
          "attributes": {
            "alias": [],
            "allow_overwrite": null,
            "cidr_routing_policy": [],
            "failover_routing_policy": [],
            "fqdn": "smtp.tauos.org",
            "geolocation_routing_policy": [],
            "geoproximity_routing_policy": [],
            "health_check_id": "",
            "id": "Z034202916UQMT8I53RRA_smtp.tauos.org_A",
            "latency_routing_policy": [],
            "multivalue_answer_routing_policy": false,
            "name": "smtp.tauos.org",
            "records": [
              "44.221.133.77"
            ],
            "set_identifier": "",
            "timeouts": null,
            "ttl": 300,
            "type": "A",
            "weighted_routing_policy": [],
            "zone_id": "Z034202916UQMT8I53RRA"
          },
          "sensitive_attributes": [],
          "private": "eyJlMmJmYjczMC1lY2FhLTExZTYtOGY4OC0zNDM2M2JjN2M0YzAiOnsiY3JlYXRlIjoxODAwMDAwMDAwMDAwLCJkZWxldGUiOjE4MDAwMDAwMDAwMDAsInVwZGF0ZSI6MTgwMDAwMDAwMDAwMH0sInNjaGVtYV92ZXJzaW9uIjoiMiJ9",
          "dependencies": [
            "aws_eip.tauos_email_eip",
            "data.aws_route53_zone.tauos_zone"
          ]
        }
      ]
    },
    {
      "mode": "managed",
      "type": "aws_route53_record",
      "name": "tauos_spf",
      "provider": "provider[\"registry.terraform.io/hashicorp/aws\"]",
      "instances": [
        {
          "schema_version": 2,
          "attributes": {
            "alias": [],
            "allow_overwrite": null,
            "cidr_routing_policy": [],
            "failover_routing_policy": [],
            "fqdn": "tauos.org",
            "geolocation_routing_policy": [],
            "geoproximity_routing_policy": [],
            "health_check_id": "",
            "id": "Z034202916UQMT8I53RRA_tauos.org_TXT",
            "latency_routing_policy": [],
            "multivalue_answer_routing_policy": false,
            "name": "tauos.org",
            "records": [
              "v=spf1 mx a:smtp.tauos.org ~all"
            ],
            "set_identifier": "",
            "timeouts": null,
            "ttl": 300,
            "type": "TXT",
            "weighted_routing_policy": [],
            "zone_id": "Z034202916UQMT8I53RRA"
          },
          "sensitive_attributes": [],
          "private": "eyJlMmJmYjczMC1lY2FhLTExZTYtOGY4OC0zNDM2M2JjN2M0YzAiOnsiY3JlYXRlIjoxODAwMDAwMDAwMDAwLCJkZWxldGUiOjE4MDAwMDAwMDAwMDAsInVwZGF0ZSI6MTgwMDAwMDAwMDAwMH0sInNjaGVtYV92ZXJzaW9uIjoiMiJ9",
          "dependencies": [
            "data.aws_route53_zone.tauos_zone"
          ]
        }
      ]
    },
    {
      "mode": "managed",
      "type": "aws_route_table",
      "name": "tauos_public_rt",
      "provider": "provider[\"registry.terraform.io/hashicorp/aws\"]",
      "instances": [
        {
          "schema_version": 0,
          "attributes": {
            "arn": "arn:aws:ec2:us-east-1:407294409495:route-table/rtb-0f874a02be8b997fd",
            "id": "rtb-0f874a02be8b997fd",
            "owner_id": "407294409495",
            "propagating_vgws": [],
            "route": [
              {
                "carrier_gateway_id": "",
                "cidr_block": "0.0.0.0/0",
                "core_network_arn": "",
                "destination_prefix_list_id": "",
                "egress_only_gateway_id": "",
                "gateway_id": "igw-0abc371e87039449b",
                "ipv6_cidr_block": "",
                "local_gateway_id": "",
                "nat_gateway_id": "",
                "network_interface_id": "",
                "transit_gateway_id": "",
                "vpc_endpoint_id": "",
                "vpc_peering_connection_id": ""
              }
            ],
            "tags": {
              "Name": "tauos-email-public-rt",
              "Project": "TauOS"
            },
            "tags_all": {
              "Name": "tauos-email-public-rt",
              "Project": "TauOS"
            },
            "timeouts": null,
            "vpc_id": "vpc-0fc7e58826df61fe2"
          },
          "sensitive_attributes": [],
          "private": "eyJlMmJmYjczMC1lY2FhLTExZTYtOGY4OC0zNDM2M2JjN2M0YzAiOnsiY3JlYXRlIjozMDAwMDAwMDAwMDAsImRlbGV0ZSI6MzAwMDAwMDAwMDAwLCJ1cGRhdGUiOjEyMDAwMDAwMDAwMH19",
          "dependencies": [
            "aws_internet_gateway.tauos_igw",
            "aws_vpc.tauos_email_vpc"
          ]
        }
      ]
    },
    {
      "mode": "managed",
      "type": "aws_route_table_association",
      "name": "tauos_public_rta",
      "provider": "provider[\"registry.terraform.io/hashicorp/aws\"]",
      "instances": [
        {
          "schema_version": 0,
          "attributes": {
            "gateway_id": "",
            "id": "rtbassoc-0dea2362245bdf8c3",
            "route_table_id": "rtb-0f874a02be8b997fd",
            "subnet_id": "subnet-071b970fc54d7191b",
            "timeouts": null
          },
          "sensitive_attributes": [],
          "private": "eyJlMmJmYjczMC1lY2FhLTExZTYtOGY4OC0zNDM2M2JjN2M0YzAiOnsiY3JlYXRlIjozMDAwMDAwMDAwMDAsImRlbGV0ZSI6MzAwMDAwMDAwMDAwLCJ1cGRhdGUiOjEyMDAwMDAwMDAwMH19",
          "dependencies": [
            "aws_internet_gateway.tauos_igw",
            "aws_route_table.tauos_public_rt",
            "aws_subnet.tauos_public_subnet",
            "aws_vpc.tauos_email_vpc"
          ]
        }
      ]
    },
    {
      "mode": "managed",
      "type": "aws_security_group",
      "name": "tauos_email_sg",
      "provider": "provider[\"registry.terraform.io/hashicorp/aws\"]",
      "instances": [
        {
          "schema_version": 1,
          "attributes": {
            "arn": "arn:aws:ec2:us-east-1:407294409495:security-group/sg-0eb8ecb65939d59d2",
            "description": "Security group for TauOS email server",
            "egress": [
              {
                "cidr_blocks": [
                  "0.0.0.0/0"
                ],
                "description": "",
                "from_port": 0,
                "ipv6_cidr_blocks": [],
                "prefix_list_ids": [],
                "protocol": "-1",
                "security_groups": [],
                "self": false,
                "to_port": 0
              }
            ],
            "id": "sg-0eb8ecb65939d59d2",
            "ingress": [
              {
                "cidr_blocks": [
                  "0.0.0.0/0"
                ],
                "description": "HTTP",
                "from_port": 80,
                "ipv6_cidr_blocks": [],
                "prefix_list_ids": [],
                "protocol": "tcp",
                "security_groups": [],
                "self": false,
                "to_port": 80
              },
              {
                "cidr_blocks": [
                  "0.0.0.0/0"
                ],
                "description": "HTTPS",
                "from_port": 443,
                "ipv6_cidr_blocks": [],
                "prefix_list_ids": [],
                "protocol": "tcp",
                "security_groups": [],
                "self": false,
                "to_port": 443
              },
              {
                "cidr_blocks": [
                  "0.0.0.0/0"
                ],
                "description": "IMAP with TLS",
                "from_port": 993,
                "ipv6_cidr_blocks": [],
                "prefix_list_ids": [],
                "protocol": "tcp",
                "security_groups": [],
                "self": false,
                "to_port": 993
              },
              {
                "cidr_blocks": [
                  "0.0.0.0/0"
                ],
                "description": "IMAP",
                "from_port": 143,
                "ipv6_cidr_blocks": [],
                "prefix_list_ids": [],
                "protocol": "tcp",
                "security_groups": [],
                "self": false,
                "to_port": 143
              },
              {
                "cidr_blocks": [
                  "0.0.0.0/0"
                ],
                "description": "POP3 with TLS",
                "from_port": 995,
                "ipv6_cidr_blocks": [],
                "prefix_list_ids": [],
                "protocol": "tcp",
                "security_groups": [],
                "self": false,
                "to_port": 995
              },
              {
                "cidr_blocks": [
                  "0.0.0.0/0"
                ],
                "description": "POP3",
                "from_port": 110,
                "ipv6_cidr_blocks": [],
                "prefix_list_ids": [],
                "protocol": "tcp",
                "security_groups": [],
                "self": false,
                "to_port": 110
              },
              {
                "cidr_blocks": [
                  "0.0.0.0/0"
                ],
                "description": "SMTP with TLS",
                "from_port": 587,
                "ipv6_cidr_blocks": [],
                "prefix_list_ids": [],
                "protocol": "tcp",
                "security_groups": [],
                "self": false,
                "to_port": 587
              },
              {
                "cidr_blocks": [
                  "0.0.0.0/0"
                ],
                "description": "SMTP",
                "from_port": 25,
                "ipv6_cidr_blocks": [],
                "prefix_list_ids": [],
                "protocol": "tcp",
                "security_groups": [],
                "self": false,
                "to_port": 25
              },
              {
                "cidr_blocks": [
                  "0.0.0.0/0"
                ],
                "description": "SSH",
                "from_port": 22,
                "ipv6_cidr_blocks": [],
                "prefix_list_ids": [],
                "protocol": "tcp",
                "security_groups": [],
                "self": false,
                "to_port": 22
              }
            ],
            "name": "tauos-email-security-group",
            "name_prefix": "",
            "owner_id": "407294409495",
            "revoke_rules_on_delete": false,
            "tags": {
              "Name": "tauos-email-sg",
              "Project": "TauOS"
            },
            "tags_all": {
              "Name": "tauos-email-sg",
              "Project": "TauOS"
            },
            "timeouts": null,
            "vpc_id": "vpc-0fc7e58826df61fe2"
          },
          "sensitive_attributes": [],
          "private": "eyJlMmJmYjczMC1lY2FhLTExZTYtOGY4OC0zNDM2M2JjN2M0YzAiOnsiY3JlYXRlIjo2MDAwMDAwMDAwMDAsImRlbGV0ZSI6OTAwMDAwMDAwMDAwfSwic2NoZW1hX3ZlcnNpb24iOiIxIn0=",
          "dependencies": [
            "aws_vpc.tauos_email_vpc"
          ]
        }
      ]
    },
    {
      "mode": "managed",
      "type": "aws_subnet",
      "name": "tauos_public_subnet",
      "provider": "provider[\"registry.terraform.io/hashicorp/aws\"]",
      "instances": [
        {
          "schema_version": 1,
          "attributes": {
            "arn": "arn:aws:ec2:us-east-1:407294409495:subnet/subnet-071b970fc54d7191b",
            "assign_ipv6_address_on_creation": false,
            "availability_zone": "us-east-1a",
            "availability_zone_id": "use1-az1",
            "cidr_block": "10.0.1.0/24",
            "customer_owned_ipv4_pool": "",
            "enable_dns64": false,
            "enable_lni_at_device_index": 0,
            "enable_resource_name_dns_a_record_on_launch": false,
            "enable_resource_name_dns_aaaa_record_on_launch": false,
            "id": "subnet-071b970fc54d7191b",
            "ipv6_cidr_block": "",
            "ipv6_cidr_block_association_id": "",
            "ipv6_native": false,
            "map_customer_owned_ip_on_launch": false,
            "map_public_ip_on_launch": true,
            "outpost_arn": "",
            "owner_id": "407294409495",
            "private_dns_hostname_type_on_launch": "ip-name",
            "tags": {
              "Name": "tauos-email-public-subnet",
              "Project": "TauOS"
            },
            "tags_all": {
              "Name": "tauos-email-public-subnet",
              "Project": "TauOS"
            },
            "timeouts": null,
            "vpc_id": "vpc-0fc7e58826df61fe2"
          },
          "sensitive_attributes": [],
          "private": "eyJlMmJmYjczMC1lY2FhLTExZTYtOGY4OC0zNDM2M2JjN2M0YzAiOnsiY3JlYXRlIjo2MDAwMDAwMDAwMDAsImRlbGV0ZSI6MTIwMDAwMDAwMDAwMH0sInNjaGVtYV92ZXJzaW9uIjoiMSJ9",
          "dependencies": [
            "aws_vpc.tauos_email_vpc"
          ]
        }
      ]
    },
    {
      "mode": "managed",
      "type": "aws_vpc",
      "name": "tauos_email_vpc",
      "provider": "provider[\"registry.terraform.io/hashicorp/aws\"]",
      "instances": [
        {
          "schema_version": 1,
          "attributes": {
            "arn": "arn:aws:ec2:us-east-1:407294409495:vpc/vpc-0fc7e58826df61fe2",
            "assign_generated_ipv6_cidr_block": false,
            "cidr_block": "10.0.0.0/16",
            "default_network_acl_id": "acl-03f9ebb9cd53b95bc",
            "default_route_table_id": "rtb-0b20e529628cc1d3e",
            "default_security_group_id": "sg-07d1061880092b777",
            "dhcp_options_id": "dopt-05a6e0873409765dc",
            "enable_dns_hostnames": true,
            "enable_dns_support": true,
            "enable_network_address_usage_metrics": false,
            "id": "vpc-0fc7e58826df61fe2",
            "instance_tenancy": "default",
            "ipv4_ipam_pool_id": null,
            "ipv4_netmask_length": null,
            "ipv6_association_id": "",
            "ipv6_cidr_block": "",
            "ipv6_cidr_block_network_border_group": "",
            "ipv6_ipam_pool_id": "",
            "ipv6_netmask_length": 0,
            "main_route_table_id": "rtb-0b20e529628cc1d3e",
            "owner_id": "407294409495",
            "tags": {
              "Name": "tauos-email-vpc",
              "Project": "TauOS"
            },
            "tags_all": {
              "Name": "tauos-email-vpc",
              "Project": "TauOS"
            }
          },
          "sensitive_attributes": [],
          "private": "eyJzY2hlbWFfdmVyc2lvbiI6IjEifQ=="
        }
      ]
    }
  ],
  "check_results": null
}
