{
  "version": 4,
  "terraform_version": "1.5.7",
  "serial": 32,
  "lineage": "c27e6c1c-559c-4028-61bf-f158a31c4ccb",
  "outputs": {},
  "resources": [
    {
      "mode": "managed",
      "type": "aws_eip",
      "name": "tauos_email_eip",
      "provider": "provider[\"registry.terraform.io/hashicorp/aws\"]",
      "instances": [
        {
          "schema_version": 0,
          "attributes": {
            "address": null,
            "allocation_id": "eipalloc-0add36b62c45cf8d3",
            "arn": "arn:aws:ec2:us-east-1:842475164815:elastic-ip/eipalloc-0add36b62c45cf8d3",
            "associate_with_private_ip": null,
            "association_id": "eipassoc-0be1ca33b2afee915",
            "carrier_ip": "",
            "customer_owned_ip": "",
            "customer_owned_ipv4_pool": "",
            "domain": "vpc",
            "id": "eipalloc-0add36b62c45cf8d3",
            "instance": "i-036f6d9a6262b42fe",
            "ipam_pool_id": null,
            "network_border_group": "us-east-1",
            "network_interface": "eni-0743c02ddd93e0795",
            "private_dns": "ip-10-0-1-24.ec2.internal",
            "private_ip": "10.0.1.24",
            "ptr_record": "",
            "public_dns": "ec2-54-156-132-149.compute-1.amazonaws.com",
            "public_ip": "54.156.132.149",
            "public_ipv4_pool": "amazon",
            "tags": {
              "Name": "tauos-email-eip",
              "Project": "TauOS"
            },
            "tags_all": {
              "Name": "tauos-email-eip",
              "Project": "TauOS"
            },
            "timeouts": null,
            "vpc": true
          },
          "sensitive_attributes": [],
          "private": "eyJlMmJmYjczMC1lY2FhLTExZTYtOGY4OC0zNDM2M2JjN2M0YzAiOnsiZGVsZXRlIjoxODAwMDAwMDAwMDAsInJlYWQiOjkwMDAwMDAwMDAwMCwidXBkYXRlIjozMDAwMDAwMDAwMDB9fQ==",
          "dependencies": [
            "aws_instance.tauos_email_server",
            "aws_key_pair.tauos_email_key",
            "aws_security_group.tauos_email_sg",
            "aws_subnet.tauos_public_subnet",
            "aws_vpc.tauos_email_vpc"
          ]
        }
      ]
    },
    {
      "mode": "managed",
      "type": "aws_instance",
      "name": "tauos_email_server",
      "provider": "provider[\"registry.terraform.io/hashicorp/aws\"]",
      "instances": [
        {
          "schema_version": 1,
          "attributes": {
            "ami": "ami-0c02fb55956c7d316",
            "arn": "arn:aws:ec2:us-east-1:842475164815:instance/i-036f6d9a6262b42fe",
            "associate_public_ip_address": true,
            "availability_zone": "us-east-1a",
            "capacity_reservation_specification": [
              {
                "capacity_reservation_preference": "open",
                "capacity_reservation_target": []
              }
            ],
            "cpu_core_count": 1,
            "cpu_options": [
              {
                "amd_sev_snp": "",
                "core_count": 1,
                "threads_per_core": 2
              }
            ],
            "cpu_threads_per_core": 2,
            "credit_specification": [
              {
                "cpu_credits": "unlimited"
              }
            ],
            "disable_api_stop": false,
            "disable_api_termination": false,
            "ebs_block_device": [],
            "ebs_optimized": false,
            "enable_primary_ipv6": null,
            "enclave_options": [
              {
                "enabled": false
              }
            ],
            "ephemeral_block_device": [],
            "get_password_data": false,
            "hibernation": false,
            "host_id": "",
            "host_resource_group_arn": null,
            "iam_instance_profile": "",
            "id": "i-036f6d9a6262b42fe",
            "instance_initiated_shutdown_behavior": "stop",
            "instance_lifecycle": "",
            "instance_market_options": [],
            "instance_state": "running",
            "instance_type": "t3.medium",
            "ipv6_address_count": 0,
            "ipv6_addresses": [],
            "key_name": "tauos-email-key",
            "launch_template": [],
            "maintenance_options": [
              {
                "auto_recovery": "default"
              }
            ],
            "metadata_options": [
              {
                "http_endpoint": "enabled",
                "http_protocol_ipv6": "disabled",
                "http_put_response_hop_limit": 1,
                "http_tokens": "optional",
                "instance_metadata_tags": "disabled"
              }
            ],
            "monitoring": false,
            "network_interface": [],
            "outpost_arn": "",
            "password_data": "",
            "placement_group": "",
            "placement_partition_number": 0,
            "primary_network_interface_id": "eni-0743c02ddd93e0795",
            "private_dns": "ip-10-0-1-24.ec2.internal",
            "private_dns_name_options": [
              {
                "enable_resource_name_dns_a_record": false,
                "enable_resource_name_dns_aaaa_record": false,
                "hostname_type": "ip-name"
              }
            ],
            "private_ip": "10.0.1.24",
            "public_dns": "ec2-3-88-223-169.compute-1.amazonaws.com",
            "public_ip": "3.88.223.169",
            "root_block_device": [
              {
                "delete_on_termination": true,
                "device_name": "/dev/xvda",
                "encrypted": false,
                "iops": 3000,
                "kms_key_id": "",
                "tags": null,
                "tags_all": {},
                "throughput": 125,
                "volume_id": "vol-0c13401fe7686388c",
                "volume_size": 50,
                "volume_type": "gp3"
              }
            ],
            "secondary_private_ips": [],
            "security_groups": [],
            "source_dest_check": true,
            "spot_instance_request_id": "",
            "subnet_id": "subnet-04cad9307de82a8a6",
            "tags": {
              "Name": "tauos-email-server",
              "Project": "TauOS"
            },
            "tags_all": {
              "Name": "tauos-email-server",
              "Project": "TauOS"
            },
            "tenancy": "default",
            "timeouts": null,
            "user_data": "d334fc643d76dae43a2cfbc669814d10b159a820",
            "user_data_base64": null,
            "user_data_replace_on_change": false,
            "volume_tags": null,
            "vpc_security_group_ids": [
              "sg-06830ef796436f4d8"
            ]
          },
          "sensitive_attributes": [],
          "private": "eyJlMmJmYjczMC1lY2FhLTExZTYtOGY4OC0zNDM2M2JjN2M0YzAiOnsiY3JlYXRlIjo2MDAwMDAwMDAwMDAsImRlbGV0ZSI6MTIwMDAwMDAwMDAwMCwicmVhZCI6OTAwMDAwMDAwMDAwLCJ1cGRhdGUiOjYwMDAwMDAwMDAwMH0sInNjaGVtYV92ZXJzaW9uIjoiMSJ9",
          "dependencies": [
            "aws_key_pair.tauos_email_key",
            "aws_security_group.tauos_email_sg",
            "aws_subnet.tauos_public_subnet",
            "aws_vpc.tauos_email_vpc"
          ]
        }
      ]
    },
    {
      "mode": "managed",
      "type": "aws_internet_gateway",
      "name": "tauos_igw",
      "provider": "provider[\"registry.terraform.io/hashicorp/aws\"]",
      "instances": [
        {
          "schema_version": 0,
          "attributes": {
            "arn": "arn:aws:ec2:us-east-1:842475164815:internet-gateway/igw-0188dfc1581da1f8e",
            "id": "igw-0188dfc1581da1f8e",
            "owner_id": "842475164815",
            "tags": {
              "Name": "tauos-email-igw",
              "Project": "TauOS"
            },
            "tags_all": {
              "Name": "tauos-email-igw",
              "Project": "TauOS"
            },
            "timeouts": null,
            "vpc_id": "vpc-00e2f6e96d704ffd8"
          },
          "sensitive_attributes": [],
          "private": "eyJlMmJmYjczMC1lY2FhLTExZTYtOGY4OC0zNDM2M2JjN2M0YzAiOnsiY3JlYXRlIjoxMjAwMDAwMDAwMDAwLCJkZWxldGUiOjEyMDAwMDAwMDAwMDAsInVwZGF0ZSI6MTIwMDAwMDAwMDAwMH19",
          "dependencies": [
            "aws_vpc.tauos_email_vpc"
          ]
        }
      ]
    },
    {
      "mode": "managed",
      "type": "aws_key_pair",
      "name": "tauos_email_key",
      "provider": "provider[\"registry.terraform.io/hashicorp/aws\"]",
      "instances": [
        {
          "schema_version": 1,
          "attributes": {
            "arn": "arn:aws:ec2:us-east-1:842475164815:key-pair/tauos-email-key",
            "fingerprint": "30:0d:2d:46:27:d3:f6:63:0b:5b:6e:5a:db:a0:b1:e1",
            "id": "tauos-email-key",
            "key_name": "tauos-email-key",
            "key_name_prefix": "",
            "key_pair_id": "key-015992f8a080fede7",
            "key_type": "rsa",
            "public_key": "ssh-rsa AAAAB3NzaC1yc2EAAAADAQABAAACAQC9eRlovX2uPLvpEVR4554/Bw0rz/Zl8rpm0wcIYaRgfCpkxjTrO1hBw8GzN9gRSDuUZJHWUOiUkV4FVtKOnXg8d7T5mzQeCLscj5GKp+GT7gtlPy/vJ6+3tX/hsF9S8FfcxdfmSInXRNEXgGKERBQqAgNUP14STufjRYGcGRFIhla/zNgnpcz7dezxTMkZi4Y42FFs3biK7QlyZRXTrflmFevSoJ+dH4yJ4pZMBFAM69/3PzPxwYrVURW260z3qiIJDxk5MOIhXwlLbtgA0+xq+95vAJjTmsL/PKazxq5svOYK1ZTPv6NyPBlLl7TmK8HCoKzEkCsQ00Uf+xhjULyiJjsJAqqGEEulFu1Vj9mDiFLbsLHc7E4AhjH0+lkOgL9+k7oFFePyNiRnN+KEk1GpesVf95o36iRMFHGrauhn673EZo9hBNE1kw2OYhNck8OqrgGVkGbwc1N4PzGMcuNWvsswrVXG8sVobhFaiwO8jKb28U/yoJkRQJxuYt8fnMGdQ518WdmN8Ye1CMyICdpmYGYnY0w7QoMgoEoJogfp7AQQvHLl/49WA+t0irmBXdVwLYuNtJ5E97oFPqGn+s6WD6El0P4hzW62xhW/w3PnuGLtF4qb3wjIYXxGkTl5G9cGjjJtmE0gurHLxQRUczWPHBnLcfFSuSb7l05Zlk4kWw== macbook@MacBooks-MacBook-Pro.local",
            "tags": null,
            "tags_all": {}
          },
          "sensitive_attributes": [],
          "private": "eyJzY2hlbWFfdmVyc2lvbiI6IjEifQ=="
        }
      ]
    },
    {
      "mode": "managed",
      "type": "aws_route_table",
      "name": "tauos_public_rt",
      "provider": "provider[\"registry.terraform.io/hashicorp/aws\"]",
      "instances": [
        {
          "schema_version": 0,
          "attributes": {
            "arn": "arn:aws:ec2:us-east-1:842475164815:route-table/rtb-068cb5a51f96e66bb",
            "id": "rtb-068cb5a51f96e66bb",
            "owner_id": "842475164815",
            "propagating_vgws": [],
            "route": [
              {
                "carrier_gateway_id": "",
                "cidr_block": "0.0.0.0/0",
                "core_network_arn": "",
                "destination_prefix_list_id": "",
                "egress_only_gateway_id": "",
                "gateway_id": "igw-0188dfc1581da1f8e",
                "ipv6_cidr_block": "",
                "local_gateway_id": "",
                "nat_gateway_id": "",
                "network_interface_id": "",
                "transit_gateway_id": "",
                "vpc_endpoint_id": "",
                "vpc_peering_connection_id": ""
              }
            ],
            "tags": {
              "Name": "tauos-email-public-rt",
              "Project": "TauOS"
            },
            "tags_all": {
              "Name": "tauos-email-public-rt",
              "Project": "TauOS"
            },
            "timeouts": null,
            "vpc_id": "vpc-00e2f6e96d704ffd8"
          },
          "sensitive_attributes": [],
          "private": "eyJlMmJmYjczMC1lY2FhLTExZTYtOGY4OC0zNDM2M2JjN2M0YzAiOnsiY3JlYXRlIjozMDAwMDAwMDAwMDAsImRlbGV0ZSI6MzAwMDAwMDAwMDAwLCJ1cGRhdGUiOjEyMDAwMDAwMDAwMH19",
          "dependencies": [
            "aws_internet_gateway.tauos_igw",
            "aws_vpc.tauos_email_vpc"
          ]
        }
      ]
    },
    {
      "mode": "managed",
      "type": "aws_route_table_association",
      "name": "tauos_public_rta",
      "provider": "provider[\"registry.terraform.io/hashicorp/aws\"]",
      "instances": [
        {
          "schema_version": 0,
          "attributes": {
            "gateway_id": "",
            "id": "rtbassoc-0eb785942f5ad042a",
            "route_table_id": "rtb-068cb5a51f96e66bb",
            "subnet_id": "subnet-04cad9307de82a8a6",
            "timeouts": null
          },
          "sensitive_attributes": [],
          "private": "eyJlMmJmYjczMC1lY2FhLTExZTYtOGY4OC0zNDM2M2JjN2M0YzAiOnsiY3JlYXRlIjozMDAwMDAwMDAwMDAsImRlbGV0ZSI6MzAwMDAwMDAwMDAwLCJ1cGRhdGUiOjEyMDAwMDAwMDAwMH19",
          "dependencies": [
            "aws_internet_gateway.tauos_igw",
            "aws_route_table.tauos_public_rt",
            "aws_subnet.tauos_public_subnet",
            "aws_vpc.tauos_email_vpc"
          ]
        }
      ]
    },
    {
      "mode": "managed",
      "type": "aws_security_group",
      "name": "tauos_email_sg",
      "provider": "provider[\"registry.terraform.io/hashicorp/aws\"]",
      "instances": [
        {
          "schema_version": 1,
          "attributes": {
            "arn": "arn:aws:ec2:us-east-1:842475164815:security-group/sg-06830ef796436f4d8",
            "description": "Security group for TauOS email server",
            "egress": [
              {
                "cidr_blocks": [
                  "0.0.0.0/0"
                ],
                "description": "",
                "from_port": 0,
                "ipv6_cidr_blocks": [],
                "prefix_list_ids": [],
                "protocol": "-1",
                "security_groups": [],
                "self": false,
                "to_port": 0
              }
            ],
            "id": "sg-06830ef796436f4d8",
            "ingress": [
              {
                "cidr_blocks": [
                  "0.0.0.0/0"
                ],
                "description": "HTTP",
                "from_port": 80,
                "ipv6_cidr_blocks": [],
                "prefix_list_ids": [],
                "protocol": "tcp",
                "security_groups": [],
                "self": false,
                "to_port": 80
              },
              {
                "cidr_blocks": [
                  "0.0.0.0/0"
                ],
                "description": "HTTPS",
                "from_port": 443,
                "ipv6_cidr_blocks": [],
                "prefix_list_ids": [],
                "protocol": "tcp",
                "security_groups": [],
                "self": false,
                "to_port": 443
              },
              {
                "cidr_blocks": [
                  "0.0.0.0/0"
                ],
                "description": "IMAP with TLS",
                "from_port": 993,
                "ipv6_cidr_blocks": [],
                "prefix_list_ids": [],
                "protocol": "tcp",
                "security_groups": [],
                "self": false,
                "to_port": 993
              },
              {
                "cidr_blocks": [
                  "0.0.0.0/0"
                ],
                "description": "IMAP",
                "from_port": 143,
                "ipv6_cidr_blocks": [],
                "prefix_list_ids": [],
                "protocol": "tcp",
                "security_groups": [],
                "self": false,
                "to_port": 143
              },
              {
                "cidr_blocks": [
                  "0.0.0.0/0"
                ],
                "description": "POP3 with TLS",
                "from_port": 995,
                "ipv6_cidr_blocks": [],
                "prefix_list_ids": [],
                "protocol": "tcp",
                "security_groups": [],
                "self": false,
                "to_port": 995
              },
              {
                "cidr_blocks": [
                  "0.0.0.0/0"
                ],
                "description": "POP3",
                "from_port": 110,
                "ipv6_cidr_blocks": [],
                "prefix_list_ids": [],
                "protocol": "tcp",
                "security_groups": [],
                "self": false,
                "to_port": 110
              },
              {
                "cidr_blocks": [
                  "0.0.0.0/0"
                ],
                "description": "SMTP with TLS",
                "from_port": 587,
                "ipv6_cidr_blocks": [],
                "prefix_list_ids": [],
                "protocol": "tcp",
                "security_groups": [],
                "self": false,
                "to_port": 587
              },
              {
                "cidr_blocks": [
                  "0.0.0.0/0"
                ],
                "description": "SMTP",
                "from_port": 25,
                "ipv6_cidr_blocks": [],
                "prefix_list_ids": [],
                "protocol": "tcp",
                "security_groups": [],
                "self": false,
                "to_port": 25
              },
              {
                "cidr_blocks": [
                  "0.0.0.0/0"
                ],
                "description": "SSH",
                "from_port": 22,
                "ipv6_cidr_blocks": [],
                "prefix_list_ids": [],
                "protocol": "tcp",
                "security_groups": [],
                "self": false,
                "to_port": 22
              }
            ],
            "name": "terraform-20250803162804144600000001",
            "name_prefix": "terraform-",
            "owner_id": "842475164815",
            "revoke_rules_on_delete": false,
            "tags": {
              "Name": "tauos-email-sg",
              "Project": "TauOS"
            },
            "tags_all": {
              "Name": "tauos-email-sg",
              "Project": "TauOS"
            },
            "timeouts": null,
            "vpc_id": "vpc-00e2f6e96d704ffd8"
          },
          "sensitive_attributes": [],
          "private": "eyJlMmJmYjczMC1lY2FhLTExZTYtOGY4OC0zNDM2M2JjN2M0YzAiOnsiY3JlYXRlIjo2MDAwMDAwMDAwMDAsImRlbGV0ZSI6OTAwMDAwMDAwMDAwfSwic2NoZW1hX3ZlcnNpb24iOiIxIn0=",
          "dependencies": [
            "aws_vpc.tauos_email_vpc"
          ]
        }
      ]
    },
    {
      "mode": "managed",
      "type": "aws_subnet",
      "name": "tauos_public_subnet",
      "provider": "provider[\"registry.terraform.io/hashicorp/aws\"]",
      "instances": [
        {
          "schema_version": 1,
          "attributes": {
            "arn": "arn:aws:ec2:us-east-1:842475164815:subnet/subnet-04cad9307de82a8a6",
            "assign_ipv6_address_on_creation": false,
            "availability_zone": "us-east-1a",
            "availability_zone_id": "use1-az2",
            "cidr_block": "10.0.1.0/24",
            "customer_owned_ipv4_pool": "",
            "enable_dns64": false,
            "enable_lni_at_device_index": 0,
            "enable_resource_name_dns_a_record_on_launch": false,
            "enable_resource_name_dns_aaaa_record_on_launch": false,
            "id": "subnet-04cad9307de82a8a6",
            "ipv6_cidr_block": "",
            "ipv6_cidr_block_association_id": "",
            "ipv6_native": false,
            "map_customer_owned_ip_on_launch": false,
            "map_public_ip_on_launch": true,
            "outpost_arn": "",
            "owner_id": "842475164815",
            "private_dns_hostname_type_on_launch": "ip-name",
            "tags": {
              "Name": "tauos-email-public-subnet",
              "Project": "TauOS"
            },
            "tags_all": {
              "Name": "tauos-email-public-subnet",
              "Project": "TauOS"
            },
            "timeouts": null,
            "vpc_id": "vpc-00e2f6e96d704ffd8"
          },
          "sensitive_attributes": [],
          "private": "eyJlMmJmYjczMC1lY2FhLTExZTYtOGY4OC0zNDM2M2JjN2M0YzAiOnsiY3JlYXRlIjo2MDAwMDAwMDAwMDAsImRlbGV0ZSI6MTIwMDAwMDAwMDAwMH0sInNjaGVtYV92ZXJzaW9uIjoiMSJ9",
          "dependencies": [
            "aws_vpc.tauos_email_vpc"
          ]
        }
      ]
    },
    {
      "mode": "managed",
      "type": "aws_vpc",
      "name": "tauos_email_vpc",
      "provider": "provider[\"registry.terraform.io/hashicorp/aws\"]",
      "instances": [
        {
          "schema_version": 1,
          "attributes": {
            "arn": "arn:aws:ec2:us-east-1:842475164815:vpc/vpc-00e2f6e96d704ffd8",
            "assign_generated_ipv6_cidr_block": false,
            "cidr_block": "10.0.0.0/16",
            "default_network_acl_id": "acl-0fe173730c7f72a26",
            "default_route_table_id": "rtb-04662694d657debbc",
            "default_security_group_id": "sg-07bf9c556a228e55d",
            "dhcp_options_id": "dopt-0afb5fd542a21f128",
            "enable_dns_hostnames": true,
            "enable_dns_support": true,
            "enable_network_address_usage_metrics": false,
            "id": "vpc-00e2f6e96d704ffd8",
            "instance_tenancy": "default",
            "ipv4_ipam_pool_id": null,
            "ipv4_netmask_length": null,
            "ipv6_association_id": "",
            "ipv6_cidr_block": "",
            "ipv6_cidr_block_network_border_group": "",
            "ipv6_ipam_pool_id": "",
            "ipv6_netmask_length": 0,
            "main_route_table_id": "rtb-04662694d657debbc",
            "owner_id": "842475164815",
            "tags": {
              "Name": "tauos-email-vpc",
              "Project": "TauOS"
            },
            "tags_all": {
              "Name": "tauos-email-vpc",
              "Project": "TauOS"
            }
          },
          "sensitive_attributes": [],
          "private": "eyJzY2hlbWFfdmVyc2lvbiI6IjEifQ=="
        }
      ]
    }
  ],
  "check_results": null
}
